
Microsoft Visual Studio Solution File, Format Version 12.00
# Visual Studio 15
VisualStudioVersion = 15.0.28307.271
MinimumVisualStudioVersion = 10.0.40219.1
Project("{FAE04EC0-301F-11D3-BF4B-00C04F79EFBC}") = "Challenge_01", "Challenge_01\Challenge_01.csproj", "{F56F72F1-F8F7-41E5-8F26-81894AB5F304}"
EndProject
Project("{FAE04EC0-301F-11D3-BF4B-00C04F79EFBC}") = "Challenge_01_Tests", "Challenge_01_Tests\Challenge_01_Tests.csproj", "{C1349981-FD72-4AEB-B27D-BEEF5AE9B8F9}"
EndProject
Project("{FAE04EC0-301F-11D3-BF4B-00C04F79EFBC}") = "Challenge_02", "Challenge_02\Challenge_02.csproj", "{F91EFB6B-C9EE-483C-9100-BDCE4B66BFDF}"
EndProject
Project("{FAE04EC0-301F-11D3-BF4B-00C04F79EFBC}") = "Challenge_02_Tests", "Challenge_02_Tests\Challenge_02_Tests.csproj", "{930450B7-DA9F-4223-867D-E2B7D7C0AD96}"
EndProject
Project("{FAE04EC0-301F-11D3-BF4B-00C04F79EFBC}") = "Challenge_03", "Challenge_03\Challenge_03.csproj", "{A40A87BB-E8EC-434F-82F6-1FA6B5386DAE}"
EndProject
Project("{FAE04EC0-301F-11D3-BF4B-00C04F79EFBC}") = "Challenge_03_Tests", "Challenge_03_Tests\Challenge_03_Tests.csproj", "{196F07A8-69EE-48C9-AF8F-018696678A37}"
EndProject
Global
	GlobalSection(SolutionConfigurationPlatforms) = preSolution
		Debug|Any CPU = Debug|Any CPU
		Release|Any CPU = Release|Any CPU
	EndGlobalSection
	GlobalSection(ProjectConfigurationPlatforms) = postSolution
		{F56F72F1-F8F7-41E5-8F26-81894AB5F304}.Debug|Any CPU.ActiveCfg = Debug|Any CPU
		{F56F72F1-F8F7-41E5-8F26-81894AB5F304}.Debug|Any CPU.Build.0 = Debug|Any CPU
		{F56F72F1-F8F7-41E5-8F26-81894AB5F304}.Release|Any CPU.ActiveCfg = Release|Any CPU
		{F56F72F1-F8F7-41E5-8F26-81894AB5F304}.Release|Any CPU.Build.0 = Release|Any CPU
		{C1349981-FD72-4AEB-B27D-BEEF5AE9B8F9}.Debug|Any CPU.ActiveCfg = Debug|Any CPU
		{C1349981-FD72-4AEB-B27D-BEEF5AE9B8F9}.Debug|Any CPU.Build.0 = Debug|Any CPU
		{C1349981-FD72-4AEB-B27D-BEEF5AE9B8F9}.Release|Any CPU.ActiveCfg = Release|Any CPU
		{C1349981-FD72-4AEB-B27D-BEEF5AE9B8F9}.Release|Any CPU.Build.0 = Release|Any CPU
		{F91EFB6B-C9EE-483C-9100-BDCE4B66BFDF}.Debug|Any CPU.ActiveCfg = Debug|Any CPU
		{F91EFB6B-C9EE-483C-9100-BDCE4B66BFDF}.Debug|Any CPU.Build.0 = Debug|Any CPU
		{F91EFB6B-C9EE-483C-9100-BDCE4B66BFDF}.Release|Any CPU.ActiveCfg = Release|Any CPU
		{F91EFB6B-C9EE-483C-9100-BDCE4B66BFDF}.Release|Any CPU.Build.0 = Release|Any CPU
		{930450B7-DA9F-4223-867D-E2B7D7C0AD96}.Debug|Any CPU.ActiveCfg = Debug|Any CPU
		{930450B7-DA9F-4223-867D-E2B7D7C0AD96}.Debug|Any CPU.Build.0 = Debug|Any CPU
		{930450B7-DA9F-4223-867D-E2B7D7C0AD96}.Release|Any CPU.ActiveCfg = Release|Any CPU
		{930450B7-DA9F-4223-867D-E2B7D7C0AD96}.Release|Any CPU.Build.0 = Release|Any CPU
		{A40A87BB-E8EC-434F-82F6-1FA6B5386DAE}.Debug|Any CPU.ActiveCfg = Debug|Any CPU
		{A40A87BB-E8EC-434F-82F6-1FA6B5386DAE}.Debug|Any CPU.Build.0 = Debug|Any CPU
		{A40A87BB-E8EC-434F-82F6-1FA6B5386DAE}.Release|Any CPU.ActiveCfg = Release|Any CPU
		{A40A87BB-E8EC-434F-82F6-1FA6B5386DAE}.Release|Any CPU.Build.0 = Release|Any CPU
		{196F07A8-69EE-48C9-AF8F-018696678A37}.Debug|Any CPU.ActiveCfg = Debug|Any CPU
		{196F07A8-69EE-48C9-AF8F-018696678A37}.Debug|Any CPU.Build.0 = Debug|Any CPU
		{196F07A8-69EE-48C9-AF8F-018696678A37}.Release|Any CPU.ActiveCfg = Release|Any CPU
		{196F07A8-69EE-48C9-AF8F-018696678A37}.Release|Any CPU.Build.0 = Release|Any CPU
	EndGlobalSection
	GlobalSection(SolutionProperties) = preSolution
		HideSolutionNode = FALSE
	EndGlobalSection
	GlobalSection(ExtensibilityGlobals) = postSolution
		SolutionGuid = {61EB7574-BAF3-4D17-9DB0-7EC7B0B1C107}
	EndGlobalSection
EndGlobal
